{
  "name": "nodewhois",
  "version": "1.0.0",
  "lockfileVersion": 2,
  "requires": true,
  "packages": {
    "": {
      "name": "nodewhois",
      "version": "1.0.0",
      "license": "ISC",
      "dependencies": {
        "csv-writer": "^1.6.0",
        "whoiser": "^1.13.1"
      }
    },
    "node_modules/csv-writer": {
      "version": "1.6.0",
      "resolved": "https://registry.npmjs.org/csv-writer/-/csv-writer-1.6.0.tgz",
      "integrity": "sha512-NOx7YDFWEsM/fTRAJjRpPp8t+MKRVvniAg9wQlUKx20MFrPs73WLJhFf5iteqrxNYnsy924K3Iroh3yNHeYd2g=="
    },
    "node_modules/punycode": {
      "version": "2.1.1",
      "resolved": "https://registry.npmjs.org/punycode/-/punycode-2.1.1.tgz",
      "integrity": "sha512-XRsRjdf+j5ml+y/6GKHPZbrF/8p2Yga0JPtdqTIY2Xe5ohJPD9saDJJLPvp9+NSBprVvevdXZybnj2cv8OEd0A==",
      "engines": {
        "node": ">=6"
      }
    },
    "node_modules/whoiser": {
      "version": "1.13.1",
      "resolved": "https://registry.npmjs.org/whoiser/-/whoiser-1.13.1.tgz",
      "integrity": "sha512-4MF0LoIsSdM7R9rs9A+PxbCXMDRmRdF7eZb8IC8pGethCrSizqMLcbJCXZO5iZGqOKovQlRhpSFGGUlwUPzoQA==",
      "dependencies": {
        "punycode": "^2.1.1"
      }
    }
  },
  "dependencies": {
    "csv-writer": {
      "version": "1.6.0",
      "resolved": "https://registry.npmjs.org/csv-writer/-/csv-writer-1.6.0.tgz",
      "integrity": "sha512-NOx7YDFWEsM/fTRAJjRpPp8t+MKRVvniAg9wQlUKx20MFrPs73WLJhFf5iteqrxNYnsy924K3Iroh3yNHeYd2g=="
    },
    "punycode": {
      "version": "2.1.1",
      "resolved": "https://registry.npmjs.org/punycode/-/punycode-2.1.1.tgz",
      "integrity": "sha512-XRsRjdf+j5ml+y/6GKHPZbrF/8p2Yga0JPtdqTIY2Xe5ohJPD9saDJJLPvp9+NSBprVvevdXZybnj2cv8OEd0A=="
    },
    "whoiser": {
      "version": "1.13.1",
      "resolved": "https://registry.npmjs.org/whoiser/-/whoiser-1.13.1.tgz",
      "integrity": "sha512-4MF0LoIsSdM7R9rs9A+PxbCXMDRmRdF7eZb8IC8pGethCrSizqMLcbJCXZO5iZGqOKovQlRhpSFGGUlwUPzoQA==",
      "requires": {
        "punycode": "^2.1.1"
      }
    }
  }
}
